{
  "name": "npm-package-tester-online",
  "version": "1.0.0",
  "lockfileVersion": 3,
  "requires": true,
  "packages": {
    "": {
      "name": "npm-package-tester-online",
      "version": "1.0.0",
      "license": "ISC",
      "dependencies": {
        "nativx": "^1.1.1"
      }
    },
    "node_modules/nativx": {
      "version": "1.1.1",
      "resolved": "https://registry.npmjs.org/nativx/-/nativx-1.1.1.tgz",
      "integrity": "sha512-ItTIi0qNmYozRg66ek5aYJoQjlmOtl4sZutSe9prALXIFHEKIoAq6RMF3xXbCgOcfy8YkQlQAjku2g4H5uV1CA==",
      "dependencies": {
        "undici": "^6.19.4"
      }
    },
    "node_modules/undici": {
      "version": "6.19.4",
      "resolved": "https://registry.npmjs.org/undici/-/undici-6.19.4.tgz",
      "integrity": "sha512-i3uaEUwNdkRq2qtTRRJb13moW5HWqviu7Vl7oYRYz++uPtGHJj+x7TGjcEuwS5Mt2P4nA0U9dhIX3DdB6JGY0g==",
      "engines": {
        "node": ">=18.17"
      }
    }
  }
}
